{
  "originHash" : "0262076c2d0d033455974fc7fc116e9b1c3e4fc96b40f7c68d756e81013e00d6",
  "pins" : [
    {
      "identity" : "capacitor-swift-pm",
      "kind" : "remoteSourceControl",
      "location" : "https://github.com/ionic-team/capacitor-swift-pm.git",
      "state" : {
        "revision" : "6afa7424fd2fcd8ca1e577478e8a00af284b7e82",
        "version" : "8.5.1"
      }
    },
    {
      "identity" : "ion-ios-geolocation",
      "kind" : "remoteSourceControl",
      "location" : "https://github.com/ionic-team/ion-ios-geolocation.git",
      "state" : {
        "revision" : "37e808a624268af58bbd5a804c92fee487449de8",
        "version" : "3.0.0"
      }
    }
  ],
  "version" : 3
}
